
Microsoft Visual Studio Solution File, Format Version 12.00
# Visual Studio Version 17
VisualStudioVersion = 17.10.34916.146
MinimumVisualStudioVersion = 10.0.40219.1
Project("{FAE04EC0-301F-11D3-BF4B-00C04F79EFBC}") = "AdoptionLab", "AdoptionLab.csproj", "{CC4A96E1-9F8D-4F7C-8F96-9B5505604C8D}"
EndProject
Global
	GlobalSection(SolutionConfigurationPlatforms) = preSolution
		Debug|Any CPU = Debug|Any CPU
		Release|Any CPU = Release|Any CPU
	EndGlobalSection
	GlobalSection(ProjectConfigurationPlatforms) = postSolution
		{CC4A96E1-9F8D-4F7C-8F96-9B5505604C8D}.Debug|Any CPU.ActiveCfg = Debug|Any CPU
		{CC4A96E1-9F8D-4F7C-8F96-9B5505604C8D}.Debug|Any CPU.Build.0 = Debug|Any CPU
		{CC4A96E1-9F8D-4F7C-8F96-9B5505604C8D}.Release|Any CPU.ActiveCfg = Release|Any CPU
		{CC4A96E1-9F8D-4F7C-8F96-9B5505604C8D}.Release|Any CPU.Build.0 = Release|Any CPU
	EndGlobalSection
	GlobalSection(SolutionProperties) = preSolution
		HideSolutionNode = FALSE
	EndGlobalSection
	GlobalSection(ExtensibilityGlobals) = postSolution
		SolutionGuid = {B1CEC38E-251F-407E-9407-E5B9ECA695EB}
	EndGlobalSection
EndGlobal
